// !$*UTF8*$!
{
	archiveVersion = 1;
	classes = {
	};
	objectVersion = 56;
	objects = {

/* Begin PBXBuildFile section */
		2EEB8E6C295A96CD008DDF55 /* firebase_swiftApp.swift in Sources */ = {isa = PBXBuildFile; fileRef = 2EEB8E6B295A96CD008DDF55 /* firebase_swiftApp.swift */; };
		2EEB8E6E295A96CD008DDF55 /* ContentView.swift in Sources */ = {isa = PBXBuildFile; fileRef = 2EEB8E6D295A96CD008DDF55 /* ContentView.swift */; };
		2EEB8E70295A96CE008DDF55 /* Assets.xcassets in Resources */ = {isa = PBXBuildFile; fileRef = 2EEB8E6F295A96CE008DDF55 /* Assets.xcassets */; };
		2EEB8E73295A96CE008DDF55 /* Preview Assets.xcassets in Resources */ = {isa = PBXBuildFile; fileRef = 2EEB8E72295A96CE008DDF55 /* Preview Assets.xcassets */; };
		2EEB8E7B295A9B21008DDF55 /* LoginView.swift in Sources */ = {isa = PBXBuildFile; fileRef = 2EEB8E7A295A9B21008DDF55 /* LoginView.swift */; };
		2EEB8E7D295A9B65008DDF55 /* LoginViewModel.swift in Sources */ = {isa = PBXBuildFile; fileRef = 2EEB8E7C295A9B65008DDF55 /* LoginViewModel.swift */; };
		2EEB8E7F295AA6B5008DDF55 /* GoogleService-Info.plist in Resources */ = {isa = PBXBuildFile; fileRef = 2EEB8E7E295AA6B5008DDF55 /* GoogleService-Info.plist */; };
		46199813A98F6040A5A3EDAC /* Pods_firebase_swift.framework in Frameworks */ = {isa = PBXBuildFile; fileRef = 10E2C8EED0394F1A897BA516 /* Pods_firebase_swift.framework */; };
/* End PBXBuildFile section */

/* Begin PBXFileReference section */
		10E2C8EED0394F1A897BA516 /* Pods_firebase_swift.framework */ = {isa = PBXFileReference; explicitFileType = wrapper.framework; includeInIndex = 0; path = Pods_firebase_swift.framework; sourceTree = BUILT_PRODUCTS_DIR; };
		2EEB8E68295A96CD008DDF55 /* firebase-swift.app */ = {isa = PBXFileReference; explicitFileType = wrapper.application; includeInIndex = 0; path = "firebase-swift.app"; sourceTree = BUILT_PRODUCTS_DIR; };
		2EEB8E6B295A96CD008DDF55 /* firebase_swiftApp.swift */ = {isa = PBXFileReference; lastKnownFileType = sourcecode.swift; path = firebase_swiftApp.swift; sourceTree = "<group>"; };
		2EEB8E6D295A96CD008DDF55 /* ContentView.swift */ = {isa = PBXFileReference; lastKnownFileType = sourcecode.swift; path = ContentView.swift; sourceTree = "<group>"; };
		2EEB8E6F295A96CE008DDF55 /* Assets.xcassets */ = {isa = PBXFileReference; lastKnownFileType = folder.assetcatalog; path = Assets.xcassets; sourceTree = "<group>"; };
		2EEB8E72295A96CE008DDF55 /* Preview Assets.xcassets */ = {isa = PBXFileReference; lastKnownFileType = folder.assetcatalog; path = "Preview Assets.xcassets"; sourceTree = "<group>"; };
		2EEB8E7A295A9B21008DDF55 /* LoginView.swift */ = {isa = PBXFileReference; lastKnownFileType = sourcecode.swift; path = LoginView.swift; sourceTree = "<group>"; };
		2EEB8E7C295A9B65008DDF55 /* LoginViewModel.swift */ = {isa = PBXFileReference; lastKnownFileType = sourcecode.swift; path = LoginViewModel.swift; sourceTree = "<group>"; };
		2EEB8E7E295AA6B5008DDF55 /* GoogleService-Info.plist */ = {isa = PBXFileReference; fileEncoding = 4; lastKnownFileType = text.plist.xml; path = "GoogleService-Info.plist"; sourceTree = "<group>"; };
		658BE06DB52B9F7F4916FB14 /* Pods-firebase-swift.debug.xcconfig */ = {isa = PBXFileReference; includeInIndex = 1; lastKnownFileType = text.xcconfig; name = "Pods-firebase-swift.debug.xcconfig"; path = "Target Support Files/Pods-firebase-swift/Pods-firebase-swift.debug.xcconfig"; sourceTree = "<group>"; };
		E6E910802FDFE1970FD3083E /* Pods-firebase-swift.release.xcconfig */ = {isa = PBXFileReference; includeInIndex = 1; lastKnownFileType = text.xcconfig; name = "Pods-firebase-swift.release.xcconfig"; path = "Target Support Files/Pods-firebase-swift/Pods-firebase-swift.release.xcconfig"; sourceTree = "<group>"; };
/* End PBXFileReference section */

/* Begin PBXFrameworksBuildPhase section */
		2EEB8E65295A96CD008DDF55 /* Frameworks */ = {
			isa = PBXFrameworksBuildPhase;
			buildActionMask = 2147483647;
			files = (
				46199813A98F6040A5A3EDAC /* Pods_firebase_swift.framework in Frameworks */,
			);
			runOnlyForDeploymentPostprocessing = 0;
		};
/* End PBXFrameworksBuildPhase section */

/* Begin PBXGroup section */
		2EEB8E5F295A96CD008DDF55 = {
			isa = PBXGroup;
			children = (
				2EEB8E6A295A96CD008DDF55 /* firebase-swift */,
				2EEB8E69295A96CD008DDF55 /* Products */,
				E546C326B99B1C23973B703A /* Pods */,
				67626E58247C827157EEFA78 /* Frameworks */,
			);
			sourceTree = "<group>";
		};
		2EEB8E69295A96CD008DDF55 /* Products */ = {
			isa = PBXGroup;
			children = (
				2EEB8E68295A96CD008DDF55 /* firebase-swift.app */,
			);
			name = Products;
			sourceTree = "<group>";
		};
		2EEB8E6A295A96CD008DDF55 /* firebase-swift */ = {
			isa = PBXGroup;
			children = (
				2EEB8E79295A9B03008DDF55 /* login */,
				2EEB8E6B295A96CD008DDF55 /* firebase_swiftApp.swift */,
				2EEB8E6D295A96CD008DDF55 /* ContentView.swift */,
				2EEB8E6F295A96CE008DDF55 /* Assets.xcassets */,
				2EEB8E7E295AA6B5008DDF55 /* GoogleService-Info.plist */,
				2EEB8E71295A96CE008DDF55 /* Preview Content */,
			);
			path = "firebase-swift";
			sourceTree = "<group>";
		};
		2EEB8E71295A96CE008DDF55 /* Preview Content */ = {
			isa = PBXGroup;
			children = (
				2EEB8E72295A96CE008DDF55 /* Preview Assets.xcassets */,
			);
			path = "Preview Content";
			sourceTree = "<group>";
		};
		2EEB8E79295A9B03008DDF55 /* login */ = {
			isa = PBXGroup;
			children = (
				2EEB8E7A295A9B21008DDF55 /* LoginView.swift */,
				2EEB8E7C295A9B65008DDF55 /* LoginViewModel.swift */,
			);
			path = login;
			sourceTree = "<group>";
		};
		67626E58247C827157EEFA78 /* Frameworks */ = {
			isa = PBXGroup;
			children = (
				10E2C8EED0394F1A897BA516 /* Pods_firebase_swift.framework */,
			);
			name = Frameworks;
			sourceTree = "<group>";
		};
		E546C326B99B1C23973B703A /* Pods */ = {
			isa = PBXGroup;
			children = (
				658BE06DB52B9F7F4916FB14 /* Pods-firebase-swift.debug.xcconfig */,
				E6E910802FDFE1970FD3083E /* Pods-firebase-swift.release.xcconfig */,
			);
			name = Pods;
			path = Pods;
			sourceTree = "<group>";
		};
/* End PBXGroup section */

/* Begin PBXNativeTarget section */
		2EEB8E67295A96CD008DDF55 /* firebase-swift */ = {
			isa = PBXNativeTarget;
			buildConfigurationList = 2EEB8E76295A96CE008DDF55 /* Build configuration list for PBXNativeTarget "firebase-swift" */;
			buildPhases = (
				5F09E532B1E08363E0525D7F /* [CP] Check Pods Manifest.lock */,
				2EEB8E64295A96CD008DDF55 /* Sources */,
				2EEB8E65295A96CD008DDF55 /* Frameworks */,
				2EEB8E66295A96CD008DDF55 /* Resources */,
				50630EFB6EC0353B8F520506 /* [CP] Embed Pods Frameworks */,
			);
			buildRules = (
			);
			dependencies = (
			);
			name = "firebase-swift";
			productName = "firebase-swift";
			productReference = 2EEB8E68295A96CD008DDF55 /* firebase-swift.app */;
			productType = "com.apple.product-type.application";
		};
/* End PBXNativeTarget section */

/* Begin PBXProject section */
		2EEB8E60295A96CD008DDF55 /* Project object */ = {
			isa = PBXProject;
			attributes = {
				BuildIndependentTargetsInParallel = 1;
				LastSwiftUpdateCheck = 1420;
				LastUpgradeCheck = 1420;
				TargetAttributes = {
					2EEB8E67295A96CD008DDF55 = {
						CreatedOnToolsVersion = 14.2;
					};
				};
			};
			buildConfigurationList = 2EEB8E63295A96CD008DDF55 /* Build configuration list for PBXProject "firebase-swift" */;
			compatibilityVersion = "Xcode 14.0";
			developmentRegion = en;
			hasScannedForEncodings = 0;
			knownRegions = (
				en,
				Base,
			);
			mainGroup = 2EEB8E5F295A96CD008DDF55;
			productRefGroup = 2EEB8E69295A96CD008DDF55 /* Products */;
			projectDirPath = "";
			projectRoot = "";
			targets = (
				2EEB8E67295A96CD008DDF55 /* firebase-swift */,
			);
		};
/* End PBXProject section */

/* Begin PBXResourcesBuildPhase section */
		2EEB8E66295A96CD008DDF55 /* Resources */ = {
			isa = PBXResourcesBuildPhase;
			buildActionMask = 2147483647;
			files = (
				2EEB8E73295A96CE008DDF55 /* Preview Assets.xcassets in Resources */,
				2EEB8E70295A96CE008DDF55 /* Assets.xcassets in Resources */,
				2EEB8E7F295AA6B5008DDF55 /* GoogleService-Info.plist in Resources */,
			);
			runOnlyForDeploymentPostprocessing = 0;
		};
/* End PBXResourcesBuildPhase section */

/* Begin PBXShellScriptBuildPhase section */
		50630EFB6EC0353B8F520506 /* [CP] Embed Pods Frameworks */ = {
			isa = PBXShellScriptBuildPhase;
			buildActionMask = 2147483647;
			files = (
			);
			inputFileListPaths = (
				"${PODS_ROOT}/Target Support Files/Pods-firebase-swift/Pods-firebase-swift-frameworks-${CONFIGURATION}-input-files.xcfilelist",
			);
			name = "[CP] Embed Pods Frameworks";
			outputFileListPaths = (
				"${PODS_ROOT}/Target Support Files/Pods-firebase-swift/Pods-firebase-swift-frameworks-${CONFIGURATION}-output-files.xcfilelist",
			);
			runOnlyForDeploymentPostprocessing = 0;
			shellPath = /bin/sh;
			shellScript = "\"${PODS_ROOT}/Target Support Files/Pods-firebase-swift/Pods-firebase-swift-frameworks.sh\"\n";
			showEnvVarsInLog = 0;
		};
		5F09E532B1E08363E0525D7F /* [CP] Check Pods Manifest.lock */ = {
			isa = PBXShellScriptBuildPhase;
			buildActionMask = 2147483647;
			files = (
			);
			inputFileListPaths = (
			);
			inputPaths = (
				"${PODS_PODFILE_DIR_PATH}/Podfile.lock",
				"${PODS_ROOT}/Manifest.lock",
			);
			name = "[CP] Check Pods Manifest.lock";
			outputFileListPaths = (
			);
			outputPaths = (
				"$(DERIVED_FILE_DIR)/Pods-firebase-swift-checkManifestLockResult.txt",
			);
			runOnlyForDeploymentPostprocessing = 0;
			shellPath = /bin/sh;
			shellScript = "diff \"${PODS_PODFILE_DIR_PATH}/Podfile.lock\" \"${PODS_ROOT}/Manifest.lock\" > /dev/null\nif [ $? != 0 ] ; then\n    # print error to STDERR\n    echo \"error: The sandbox is not in sync with the Podfile.lock. Run 'pod install' or update your CocoaPods installation.\" >&2\n    exit 1\nfi\n# This output is used by Xcode 'outputs' to avoid re-running this script phase.\necho \"SUCCESS\" > \"${SCRIPT_OUTPUT_FILE_0}\"\n";
			showEnvVarsInLog = 0;
		};
/* End PBXShellScriptBuildPhase section */

/* Begin PBXSourcesBuildPhase section */
		2EEB8E64295A96CD008DDF55 /* Sources */ = {
			isa = PBXSourcesBuildPhase;
			buildActionMask = 2147483647;
			files = (
				2EEB8E7D295A9B65008DDF55 /* LoginViewModel.swift in Sources */,
				2EEB8E7B295A9B21008DDF55 /* LoginView.swift in Sources */,
				2EEB8E6E295A96CD008DDF55 /* ContentView.swift in Sources */,
				2EEB8E6C295A96CD008DDF55 /* firebase_swiftApp.swift in Sources */,
			);
			runOnlyForDeploymentPostprocessing = 0;
		};
/* End PBXSourcesBuildPhase section */

/* Begin XCBuildConfiguration section */
		2EEB8E74295A96CE008DDF55 /* Debug */ = {
			isa = XCBuildConfiguration;
			buildSettings = {
				ALWAYS_SEARCH_USER_PATHS = NO;
				CLANG_ANALYZER_NONNULL = YES;
				CLANG_ANALYZER_NUMBER_OBJECT_CONVERSION = YES_AGGRESSIVE;
				CLANG_CXX_LANGUAGE_STANDARD = "gnu++20";
				CLANG_ENABLE_MODULES = YES;
				CLANG_ENABLE_OBJC_ARC = YES;
				CLANG_ENABLE_OBJC_WEAK = YES;
				CLANG_WARN_BLOCK_CAPTURE_AUTORELEASING = YES;
				CLANG_WARN_BOOL_CONVERSION = YES;
				CLANG_WARN_COMMA = YES;
				CLANG_WARN_CONSTANT_CONVERSION = YES;
				CLANG_WARN_DEPRECATED_OBJC_IMPLEMENTATIONS = YES;
				CLANG_WARN_DIRECT_OBJC_ISA_USAGE = YES_ERROR;
				CLANG_WARN_DOCUMENTATION_COMMENTS = YES;
				CLANG_WARN_EMPTY_BODY = YES;
				CLANG_WARN_ENUM_CONVERSION = YES;
				CLANG_WARN_INFINITE_RECURSION = YES;
				CLANG_WARN_INT_CONVERSION = YES;
				CLANG_WARN_NON_LITERAL_NULL_CONVERSION = YES;
				CLANG_WARN_OBJC_IMPLICIT_RETAIN_SELF = YES;
				CLANG_WARN_OBJC_LITERAL_CONVERSION = YES;
				CLANG_WARN_OBJC_ROOT_CLASS = YES_ERROR;
				CLANG_WARN_QUOTED_INCLUDE_IN_FRAMEWORK_HEADER = YES;
				CLANG_WARN_RANGE_LOOP_ANALYSIS = YES;
				CLANG_WARN_STRICT_PROTOTYPES = YES;
				CLANG_WARN_SUSPICIOUS_MOVE = YES;
				CLANG_WARN_UNGUARDED_AVAILABILITY = YES_AGGRESSIVE;
				CLANG_WARN_UNREACHABLE_CODE = YES;
				CLANG_WARN__DUPLICATE_METHOD_MATCH = YES;
				COPY_PHASE_STRIP = NO;
				DEBUG_INFORMATION_FORMAT = dwarf;
				ENABLE_STRICT_OBJC_MSGSEND = YES;
				ENABLE_TESTABILITY = YES;
				GCC_C_LANGUAGE_STANDARD = gnu11;
				GCC_DYNAMIC_NO_PIC = NO;
				GCC_NO_COMMON_BLOCKS = YES;
				GCC_OPTIMIZATION_LEVEL = 0;
				GCC_PREPROCESSOR_DEFINITIONS = (
					"DEBUG=1",
					"$(inherited)",
				);
				GCC_WARN_64_TO_32_BIT_CONVERSION = YES;
				GCC_WARN_ABOUT_RETURN_TYPE = YES_ERROR;
				GCC_WARN_UNDECLARED_SELECTOR = YES;
				GCC_WARN_UNINITIALIZED_AUTOS = YES_AGGRESSIVE;
				GCC_WARN_UNUSED_FUNCTION = YES;
				GCC_WARN_UNUSED_VARIABLE = YES;
				IPHONEOS_DEPLOYMENT_TARGET = 16.2;
				MTL_ENABLE_DEBUG_INFO = INCLUDE_SOURCE;
				MTL_FAST_MATH = YES;
				ONLY_ACTIVE_ARCH = YES;
				SDKROOT = iphoneos;
				SWIFT_ACTIVE_COMPILATION_CONDITIONS = DEBUG;
				SWIFT_OPTIMIZATION_LEVEL = "-Onone";
			};
			name = Debug;
		};
		2EEB8E75295A96CE008DDF55 /* Release */ = {
			isa = XCBuildConfiguration;
			buildSettings = {
				ALWAYS_SEARCH_USER_PATHS = NO;
				CLANG_ANALYZER_NONNULL = YES;
				CLANG_ANALYZER_NUMBER_OBJECT_CONVERSION = YES_AGGRESSIVE;
				CLANG_CXX_LANGUAGE_STANDARD = "gnu++20";
				CLANG_ENABLE_MODULES = YES;
				CLANG_ENABLE_OBJC_ARC = YES;
				CLANG_ENABLE_OBJC_WEAK = YES;
				CLANG_WARN_BLOCK_CAPTURE_AUTORELEASING = YES;
				CLANG_WARN_BOOL_CONVERSION = YES;
				CLANG_WARN_COMMA = YES;
				CLANG_WARN_CONSTANT_CONVERSION = YES;
				CLANG_WARN_DEPRECATED_OBJC_IMPLEMENTATIONS = YES;
				CLANG_WARN_DIRECT_OBJC_ISA_USAGE = YES_ERROR;
				CLANG_WARN_DOCUMENTATION_COMMENTS = YES;
				CLANG_WARN_EMPTY_BODY = YES;
				CLANG_WARN_ENUM_CONVERSION = YES;
				CLANG_WARN_INFINITE_RECURSION = YES;
				CLANG_WARN_INT_CONVERSION = YES;
				CLANG_WARN_NON_LITERAL_NULL_CONVERSION = YES;
				CLANG_WARN_OBJC_IMPLICIT_RETAIN_SELF = YES;
				CLANG_WARN_OBJC_LITERAL_CONVERSION = YES;
				CLANG_WARN_OBJC_ROOT_CLASS = YES_ERROR;
				CLANG_WARN_QUOTED_INCLUDE_IN_FRAMEWORK_HEADER = YES;
				CLANG_WARN_RANGE_LOOP_ANALYSIS = YES;
				CLANG_WARN_STRICT_PROTOTYPES = YES;
				CLANG_WARN_SUSPICIOUS_MOVE = YES;
				CLANG_WARN_UNGUARDED_AVAILABILITY = YES_AGGRESSIVE;
				CLANG_WARN_UNREACHABLE_CODE = YES;
				CLANG_WARN__DUPLICATE_METHOD_MATCH = YES;
				COPY_PHASE_STRIP = NO;
				DEBUG_INFORMATION_FORMAT = "dwarf-with-dsym";
				ENABLE_NS_ASSERTIONS = NO;
				ENABLE_STRICT_OBJC_MSGSEND = YES;
				GCC_C_LANGUAGE_STANDARD = gnu11;
				GCC_NO_COMMON_BLOCKS = YES;
				GCC_WARN_64_TO_32_BIT_CONVERSION = YES;
				GCC_WARN_ABOUT_RETURN_TYPE = YES_ERROR;
				GCC_WARN_UNDECLARED_SELECTOR = YES;
				GCC_WARN_UNINITIALIZED_AUTOS = YES_AGGRESSIVE;
				GCC_WARN_UNUSED_FUNCTION = YES;
				GCC_WARN_UNUSED_VARIABLE = YES;
				IPHONEOS_DEPLOYMENT_TARGET = 16.2;
				MTL_ENABLE_DEBUG_INFO = NO;
				MTL_FAST_MATH = YES;
				SDKROOT = iphoneos;
				SWIFT_COMPILATION_MODE = wholemodule;
				SWIFT_OPTIMIZATION_LEVEL = "-O";
				VALIDATE_PRODUCT = YES;
			};
			name = Release;
		};
		2EEB8E77295A96CE008DDF55 /* Debug */ = {
			isa = XCBuildConfiguration;
			baseConfigurationReference = 658BE06DB52B9F7F4916FB14 /* Pods-firebase-swift.debug.xcconfig */;
			buildSettings = {
				ASSETCATALOG_COMPILER_APPICON_NAME = AppIcon;
				ASSETCATALOG_COMPILER_GLOBAL_ACCENT_COLOR_NAME = AccentColor;
				CODE_SIGN_STYLE = Automatic;
				CURRENT_PROJECT_VERSION = 1;
				DEVELOPMENT_ASSET_PATHS = "\"firebase-swift/Preview Content\"";
				DEVELOPMENT_TEAM = NH9U89BPWK;
				ENABLE_PREVIEWS = YES;
				GENERATE_INFOPLIST_FILE = YES;
				INFOPLIST_KEY_CFBundleDisplayName = Fireswift;
				INFOPLIST_KEY_UIApplicationSceneManifest_Generation = YES;
				INFOPLIST_KEY_UIApplicationSupportsIndirectInputEvents = YES;
				INFOPLIST_KEY_UILaunchScreen_Generation = YES;
				INFOPLIST_KEY_UISupportedInterfaceOrientations = UIInterfaceOrientationPortrait;
				INFOPLIST_KEY_UISupportedInterfaceOrientations_iPad = "UIInterfaceOrientationLandscapeLeft UIInterfaceOrientationLandscapeRight UIInterfaceOrientationPortrait UIInterfaceOrientationPortraitUpsideDown";
				LD_RUNPATH_SEARCH_PATHS = (
					"$(inherited)",
					"@executable_path/Frameworks",
				);
				MARKETING_VERSION = 1.0;
				PRODUCT_BUNDLE_IDENTIFIER = "com.irfanizudin.firebase-swift";
				PRODUCT_NAME = "$(TARGET_NAME)";
				SUPPORTED_PLATFORMS = "iphoneos iphonesimulator";
				SUPPORTS_MACCATALYST = NO;
				SUPPORTS_MAC_DESIGNED_FOR_IPHONE_IPAD = NO;
				SWIFT_EMIT_LOC_STRINGS = YES;
				SWIFT_VERSION = 5.0;
				TARGETED_DEVICE_FAMILY = 1;
			};
			name = Debug;
		};
		2EEB8E78295A96CE008DDF55 /* Release */ = {
			isa = XCBuildConfiguration;
			baseConfigurationReference = E6E910802FDFE1970FD3083E /* Pods-firebase-swift.release.xcconfig */;
			buildSettings = {
				ASSETCATALOG_COMPILER_APPICON_NAME = AppIcon;
				ASSETCATALOG_COMPILER_GLOBAL_ACCENT_COLOR_NAME = AccentColor;
				CODE_SIGN_STYLE = Automatic;
				CURRENT_PROJECT_VERSION = 1;
				DEVELOPMENT_ASSET_PATHS = "\"firebase-swift/Preview Content\"";
				DEVELOPMENT_TEAM = NH9U89BPWK;
				ENABLE_PREVIEWS = YES;
				GENERATE_INFOPLIST_FILE = YES;
				INFOPLIST_KEY_CFBundleDisplayName = Fireswift;
				INFOPLIST_KEY_UIApplicationSceneManifest_Generation = YES;
				INFOPLIST_KEY_UIApplicationSupportsIndirectInputEvents = YES;
				INFOPLIST_KEY_UILaunchScreen_Generation = YES;
				INFOPLIST_KEY_UISupportedInterfaceOrientations = UIInterfaceOrientationPortrait;
				INFOPLIST_KEY_UISupportedInterfaceOrientations_iPad = "UIInterfaceOrientationLandscapeLeft UIInterfaceOrientationLandscapeRight UIInterfaceOrientationPortrait UIInterfaceOrientationPortraitUpsideDown";
				LD_RUNPATH_SEARCH_PATHS = (
					"$(inherited)",
					"@executable_path/Frameworks",
				);
				MARKETING_VERSION = 1.0;
				PRODUCT_BUNDLE_IDENTIFIER = "com.irfanizudin.firebase-swift";
				PRODUCT_NAME = "$(TARGET_NAME)";
				SUPPORTED_PLATFORMS = "iphoneos iphonesimulator";
				SUPPORTS_MACCATALYST = NO;
				SUPPORTS_MAC_DESIGNED_FOR_IPHONE_IPAD = NO;
				SWIFT_EMIT_LOC_STRINGS = YES;
				SWIFT_VERSION = 5.0;
				TARGETED_DEVICE_FAMILY = 1;
			};
			name = Release;
		};
/* End XCBuildConfiguration section */

/* Begin XCConfigurationList section */
		2EEB8E63295A96CD008DDF55 /* Build configuration list for PBXProject "firebase-swift" */ = {
			isa = XCConfigurationList;
			buildConfigurations = (
				2EEB8E74295A96CE008DDF55 /* Debug */,
				2EEB8E75295A96CE008DDF55 /* Release */,
			);
			defaultConfigurationIsVisible = 0;
			defaultConfigurationName = Release;
		};
		2EEB8E76295A96CE008DDF55 /* Build configuration list for PBXNativeTarget "firebase-swift" */ = {
			isa = XCConfigurationList;
			buildConfigurations = (
				2EEB8E77295A96CE008DDF55 /* Debug */,
				2EEB8E78295A96CE008DDF55 /* Release */,
			);
			defaultConfigurationIsVisible = 0;
			defaultConfigurationName = Release;
		};
/* End XCConfigurationList section */
	};
	rootObject = 2EEB8E60295A96CD008DDF55 /* Project object */;
}
